
Microsoft Visual Studio Solution File, Format Version 12.00
# Visual Studio Version 17
VisualStudioVersion = 17.1.32407.343
MinimumVisualStudioVersion = 10.0.40219.1
Project("{FAE04EC0-301F-11D3-BF4B-00C04F79EFBC}") = "Milestone3", "Milestone3.csproj", "{CD6B5DC6-C6CF-4F65-928E-2349C1896CA3}"
EndProject
Global
	GlobalSection(SolutionConfigurationPlatforms) = preSolution
		Debug|Any CPU = Debug|Any CPU
		Release|Any CPU = Release|Any CPU
	EndGlobalSection
	GlobalSection(ProjectConfigurationPlatforms) = postSolution
		{CD6B5DC6-C6CF-4F65-928E-2349C1896CA3}.Debug|Any CPU.ActiveCfg = Debug|Any CPU
		{CD6B5DC6-C6CF-4F65-928E-2349C1896CA3}.Debug|Any CPU.Build.0 = Debug|Any CPU
		{CD6B5DC6-C6CF-4F65-928E-2349C1896CA3}.Release|Any CPU.ActiveCfg = Release|Any CPU
		{CD6B5DC6-C6CF-4F65-928E-2349C1896CA3}.Release|Any CPU.Build.0 = Release|Any CPU
	EndGlobalSection
	GlobalSection(SolutionProperties) = preSolution
		HideSolutionNode = FALSE
	EndGlobalSection
	GlobalSection(ExtensibilityGlobals) = postSolution
		SolutionGuid = {EDA9D0B6-DE16-403A-8203-12A6E2FD715E}
	EndGlobalSection
EndGlobal
